
Microsoft Visual Studio Solution File, Format Version 12.00
# Visual Studio 15
VisualStudioVersion = 15.0.27130.2024
MinimumVisualStudioVersion = 10.0.40219.1
Project("{FAE04EC0-301F-11D3-BF4B-00C04F79EFBC}") = "AOOADFinalAssignment", "AOOADFinalAssignment.csproj", "{AF3804F6-49DE-49BC-814C-AA585CD3D83A}"
EndProject
Global
	GlobalSection(SolutionConfigurationPlatforms) = preSolution
		Debug|Any CPU = Debug|Any CPU
		Release|Any CPU = Release|Any CPU
	EndGlobalSection
	GlobalSection(ProjectConfigurationPlatforms) = postSolution
		{AF3804F6-49DE-49BC-814C-AA585CD3D83A}.Debug|Any CPU.ActiveCfg = Debug|Any CPU
		{AF3804F6-49DE-49BC-814C-AA585CD3D83A}.Debug|Any CPU.Build.0 = Debug|Any CPU
		{AF3804F6-49DE-49BC-814C-AA585CD3D83A}.Release|Any CPU.ActiveCfg = Release|Any CPU
		{AF3804F6-49DE-49BC-814C-AA585CD3D83A}.Release|Any CPU.Build.0 = Release|Any CPU
	EndGlobalSection
	GlobalSection(SolutionProperties) = preSolution
		HideSolutionNode = FALSE
	EndGlobalSection
	GlobalSection(ExtensibilityGlobals) = postSolution
		SolutionGuid = {783614A6-3C43-4C20-AD91-AD161C8DFE95}
	EndGlobalSection
EndGlobal
